
Microsoft Visual Studio Solution File, Format Version 12.00
# Visual Studio Version 17
VisualStudioVersion = 17.8.34322.80
MinimumVisualStudioVersion = 10.0.40219.1
Project("{FAE04EC0-301F-11D3-BF4B-00C04F79EFBC}") = "Geometry", "Geometry\Geometry.csproj", "{55785301-7DCA-4C23-87BF-E87B8F68F9B2}"
EndProject
Global
	GlobalSection(SolutionConfigurationPlatforms) = preSolution
		Debug|Any CPU = Debug|Any CPU
		Release|Any CPU = Release|Any CPU
	EndGlobalSection
	GlobalSection(ProjectConfigurationPlatforms) = postSolution
		{55785301-7DCA-4C23-87BF-E87B8F68F9B2}.Debug|Any CPU.ActiveCfg = Debug|Any CPU
		{55785301-7DCA-4C23-87BF-E87B8F68F9B2}.Debug|Any CPU.Build.0 = Debug|Any CPU
		{55785301-7DCA-4C23-87BF-E87B8F68F9B2}.Release|Any CPU.ActiveCfg = Release|Any CPU
		{55785301-7DCA-4C23-87BF-E87B8F68F9B2}.Release|Any CPU.Build.0 = Release|Any CPU
	EndGlobalSection
	GlobalSection(SolutionProperties) = preSolution
		HideSolutionNode = FALSE
	EndGlobalSection
	GlobalSection(ExtensibilityGlobals) = postSolution
		SolutionGuid = {97797904-898A-4DFA-AD96-D72C8E90A230}
	EndGlobalSection
EndGlobal
